
Microsoft Visual Studio Solution File, Format Version 12.00
# Visual Studio Version 17
VisualStudioVersion = 17.7.34202.233
MinimumVisualStudioVersion = 10.0.40219.1
Project("{8BC9CEB8-8B4A-11D0-8D11-00A0C91BC942}") = "DataSunrise_project", "DataSunrise_project\DataSunrise_project.vcxproj", "{8050B814-70A8-422E-AE48-E312B1F94E6F}"
EndProject
Project("{8BC9CEB8-8B4A-11D0-8D11-00A0C91BC942}") = "DataSunrise_client", "DataSunrise_client\DataSunrise_client.vcxproj", "{043959EB-C95F-4C1F-8345-CD0355606108}"
EndProject
Global
	GlobalSection(SolutionConfigurationPlatforms) = preSolution
		Debug|x64 = Debug|x64
		Debug|x86 = Debug|x86
		Release|x64 = Release|x64
		Release|x86 = Release|x86
	EndGlobalSection
	GlobalSection(ProjectConfigurationPlatforms) = postSolution
		{8050B814-70A8-422E-AE48-E312B1F94E6F}.Debug|x64.ActiveCfg = Debug|x64
		{8050B814-70A8-422E-AE48-E312B1F94E6F}.Debug|x64.Build.0 = Debug|x64
		{8050B814-70A8-422E-AE48-E312B1F94E6F}.Debug|x86.ActiveCfg = Debug|Win32
		{8050B814-70A8-422E-AE48-E312B1F94E6F}.Debug|x86.Build.0 = Debug|Win32
		{8050B814-70A8-422E-AE48-E312B1F94E6F}.Release|x64.ActiveCfg = Release|x64
		{8050B814-70A8-422E-AE48-E312B1F94E6F}.Release|x64.Build.0 = Release|x64
		{8050B814-70A8-422E-AE48-E312B1F94E6F}.Release|x86.ActiveCfg = Release|Win32
		{8050B814-70A8-422E-AE48-E312B1F94E6F}.Release|x86.Build.0 = Release|Win32
		{043959EB-C95F-4C1F-8345-CD0355606108}.Debug|x64.ActiveCfg = Debug|x64
		{043959EB-C95F-4C1F-8345-CD0355606108}.Debug|x64.Build.0 = Debug|x64
		{043959EB-C95F-4C1F-8345-CD0355606108}.Debug|x86.ActiveCfg = Debug|Win32
		{043959EB-C95F-4C1F-8345-CD0355606108}.Debug|x86.Build.0 = Debug|Win32
		{043959EB-C95F-4C1F-8345-CD0355606108}.Release|x64.ActiveCfg = Release|x64
		{043959EB-C95F-4C1F-8345-CD0355606108}.Release|x64.Build.0 = Release|x64
		{043959EB-C95F-4C1F-8345-CD0355606108}.Release|x86.ActiveCfg = Release|Win32
		{043959EB-C95F-4C1F-8345-CD0355606108}.Release|x86.Build.0 = Release|Win32
	EndGlobalSection
	GlobalSection(SolutionProperties) = preSolution
		HideSolutionNode = FALSE
	EndGlobalSection
	GlobalSection(ExtensibilityGlobals) = postSolution
		SolutionGuid = {50420695-A492-41C3-B8A6-13558EBECCD7}
	EndGlobalSection
EndGlobal
